
Microsoft Visual Studio Solution File, Format Version 12.00
# Visual Studio Version 17
VisualStudioVersion = 17.4.33205.214
MinimumVisualStudioVersion = 10.0.40219.1
Project("{FAE04EC0-301F-11D3-BF4B-00C04F79EFBC}") = "primero", "primero\primero.csproj", "{993BDC9A-F8BA-4D9A-BCF6-418AD7D9BA2E}"
EndProject
Global
	GlobalSection(SolutionConfigurationPlatforms) = preSolution
		Debug|Any CPU = Debug|Any CPU
		Release|Any CPU = Release|Any CPU
	EndGlobalSection
	GlobalSection(ProjectConfigurationPlatforms) = postSolution
		{993BDC9A-F8BA-4D9A-BCF6-418AD7D9BA2E}.Debug|Any CPU.ActiveCfg = Debug|Any CPU
		{993BDC9A-F8BA-4D9A-BCF6-418AD7D9BA2E}.Debug|Any CPU.Build.0 = Debug|Any CPU
		{993BDC9A-F8BA-4D9A-BCF6-418AD7D9BA2E}.Release|Any CPU.ActiveCfg = Release|Any CPU
		{993BDC9A-F8BA-4D9A-BCF6-418AD7D9BA2E}.Release|Any CPU.Build.0 = Release|Any CPU
	EndGlobalSection
	GlobalSection(SolutionProperties) = preSolution
		HideSolutionNode = FALSE
	EndGlobalSection
	GlobalSection(ExtensibilityGlobals) = postSolution
		SolutionGuid = {63A11CE3-FD24-4D44-90E2-04AD15BE9E7A}
	EndGlobalSection
EndGlobal
